dependencies:
- name: humio-operator
  repository: https://humio.github.io/humio-operator
  version: 0.15.0
- name: zookeeper
  repository: https://charts.bitnami.com/bitnami
  version: 10.0.2
- name: strimzi-kafka-operator
  repository: https://strimzi.io/charts/
  version: 0.29.0
- name: kafkacluster
  repository: file://charts/kafkacluster
  version: 0.1.0
- name: s3proxy
  repository: https://ryanfaircloth.github.io/s3proxy/
  version: 3.0.2
digest: sha256:486c6a217875625db49d99c8ce3bac92bcbec8db224d2285d44daa111354c28a
generated: "2022-07-19T15:06:26.799579-04:00"
